
Microsoft Visual Studio Solution File, Format Version 12.00
Project("{2150E333-8FDC-42A3-9474-1A3956D46DE8}") = "src", "src", "{32734B82-B31C-4969-91D1-CAD381F1B1D4}"
EndProject
Project("{2150E333-8FDC-42A3-9474-1A3956D46DE8}") = "Shared", "Shared", "{CF7F5C1E-C727-4AC9-B005-FFFB75C8A2D1}"
EndProject
Project("{FAE04EC0-301F-11D3-BF4B-00C04F79EFBC}") = "Thrive.Shared.Abstractions", "src\Shared\Thrive.Shared.Abstractions\Thrive.Shared.Abstractions.csproj", "{9CAA28E0-BFEB-4C18-85FD-ED3D9F430D2D}"
EndProject
Project("{FAE04EC0-301F-11D3-BF4B-00C04F79EFBC}") = "Thrive.Shared.Application", "src\Shared\Thrive.Shared.Application\Thrive.Shared.Application.csproj", "{9119D533-06F6-42D2-999E-ED52B8932608}"
EndProject
Project("{FAE04EC0-301F-11D3-BF4B-00C04F79EFBC}") = "Thrive.Shared.Infrastructure", "src\Shared\Thrive.Shared.Infrastructure\Thrive.Shared.Infrastructure.csproj", "{F34DB66F-90D2-4196-9CDC-4480BA8918EC}"
EndProject
Project("{2150E333-8FDC-42A3-9474-1A3956D46DE8}") = "Bootstrapper", "Bootstrapper", "{E96DBEB3-0DE7-4436-96E8-5CE4A85BCBD4}"
EndProject
Project("{FAE04EC0-301F-11D3-BF4B-00C04F79EFBC}") = "Thrive.Bootstrapper", "src\Bootstrapper\Thrive.Bootstrapper\Thrive.Bootstrapper.csproj", "{60CB1514-982D-40E0-B38B-CCB175DE3DC6}"
EndProject
Project("{2150E333-8FDC-42A3-9474-1A3956D46DE8}") = "Solution Items", "Solution Items", "{5545F984-17B3-4951-86AE-1EBE52C84E55}"
	ProjectSection(SolutionItems) = preProject
		compose.yaml = compose.yaml
	EndProjectSection
EndProject
Project("{2150E333-8FDC-42A3-9474-1A3956D46DE8}") = "Modules", "Modules", "{5332B72F-0F03-40AE-A588-AABFCEB024B1}"
EndProject
Project("{2150E333-8FDC-42A3-9474-1A3956D46DE8}") = "Identity", "Identity", "{CD7E69ED-2FB1-480B-BB86-018B001E894C}"
EndProject
Project("{FAE04EC0-301F-11D3-BF4B-00C04F79EFBC}") = "Thrive.Modules.Identity.Domain", "src\Modules\Identity\Thrive.Modules.Identity.Domain\Thrive.Modules.Identity.Domain.csproj", "{FD1A2EA4-C524-4652-84EB-36B3BAB834B3}"
EndProject
Project("{2150E333-8FDC-42A3-9474-1A3956D46DE8}") = "tests", "tests", "{7F52C668-034D-44BD-A021-A9E1E2E063D0}"
EndProject
Project("{2150E333-8FDC-42A3-9474-1A3956D46DE8}") = "Modules", "Modules", "{42FE023A-5480-4435-8994-81B30B264921}"
EndProject
Project("{2150E333-8FDC-42A3-9474-1A3956D46DE8}") = "Identity", "Identity", "{A79669CD-2490-4E09-AE24-96B7EDFF107F}"
EndProject
Project("{FAE04EC0-301F-11D3-BF4B-00C04F79EFBC}") = "Thrive.Modules.Identity.Domain.UnitTests", "tests\Modules\Identity\Thrive.Modules.Identity.Domain.UnitTests\Thrive.Modules.Identity.Domain.UnitTests.csproj", "{35C122C7-D86D-414E-B2DE-DB65FF376FE0}"
EndProject
Project("{FAE04EC0-301F-11D3-BF4B-00C04F79EFBC}") = "Thrive.Modules.Identity.Infrastructure", "src\Modules\Identity\Thrive.Modules.Identity.Infrastructure\Thrive.Modules.Identity.Infrastructure.csproj", "{C6D98229-CE89-40F4-901C-C5983F55D2F1}"
EndProject
Project("{FAE04EC0-301F-11D3-BF4B-00C04F79EFBC}") = "Thrive.Modules.Identity.Application", "src\Modules\Identity\Thrive.Modules.Identity.Application\Thrive.Modules.Identity.Application.csproj", "{916CA670-DC2D-44F2-92B7-27226C511401}"
EndProject
Project("{FAE04EC0-301F-11D3-BF4B-00C04F79EFBC}") = "Thrive.Modules.Identity.Api", "src\Modules\Identity\Thrive.Modules.Identity.Api\Thrive.Modules.Identity.Api.csproj", "{74A0476F-2EA9-45F3-950F-5D4AB75F09F9}"
EndProject
Project("{FAE04EC0-301F-11D3-BF4B-00C04F79EFBC}") = "Thrive.Modules.Identity.Application.UnitTests", "tests\Modules\Identity\Thrive.Modules.Identity.Application.UnitTests\Thrive.Modules.Identity.Application.UnitTests.csproj", "{724BF787-E7A8-4BCD-966C-DECE4E93705A}"
EndProject
Global
	GlobalSection(SolutionConfigurationPlatforms) = preSolution
		Debug|Any CPU = Debug|Any CPU
		Release|Any CPU = Release|Any CPU
	EndGlobalSection
	GlobalSection(NestedProjects) = preSolution
		{CF7F5C1E-C727-4AC9-B005-FFFB75C8A2D1} = {32734B82-B31C-4969-91D1-CAD381F1B1D4}
		{9CAA28E0-BFEB-4C18-85FD-ED3D9F430D2D} = {CF7F5C1E-C727-4AC9-B005-FFFB75C8A2D1}
		{9119D533-06F6-42D2-999E-ED52B8932608} = {CF7F5C1E-C727-4AC9-B005-FFFB75C8A2D1}
		{F34DB66F-90D2-4196-9CDC-4480BA8918EC} = {CF7F5C1E-C727-4AC9-B005-FFFB75C8A2D1}
		{E96DBEB3-0DE7-4436-96E8-5CE4A85BCBD4} = {32734B82-B31C-4969-91D1-CAD381F1B1D4}
		{60CB1514-982D-40E0-B38B-CCB175DE3DC6} = {E96DBEB3-0DE7-4436-96E8-5CE4A85BCBD4}
		{5332B72F-0F03-40AE-A588-AABFCEB024B1} = {32734B82-B31C-4969-91D1-CAD381F1B1D4}
		{CD7E69ED-2FB1-480B-BB86-018B001E894C} = {5332B72F-0F03-40AE-A588-AABFCEB024B1}
		{FD1A2EA4-C524-4652-84EB-36B3BAB834B3} = {CD7E69ED-2FB1-480B-BB86-018B001E894C}
		{42FE023A-5480-4435-8994-81B30B264921} = {7F52C668-034D-44BD-A021-A9E1E2E063D0}
		{A79669CD-2490-4E09-AE24-96B7EDFF107F} = {42FE023A-5480-4435-8994-81B30B264921}
		{35C122C7-D86D-414E-B2DE-DB65FF376FE0} = {A79669CD-2490-4E09-AE24-96B7EDFF107F}
		{C6D98229-CE89-40F4-901C-C5983F55D2F1} = {CD7E69ED-2FB1-480B-BB86-018B001E894C}
		{916CA670-DC2D-44F2-92B7-27226C511401} = {CD7E69ED-2FB1-480B-BB86-018B001E894C}
		{74A0476F-2EA9-45F3-950F-5D4AB75F09F9} = {CD7E69ED-2FB1-480B-BB86-018B001E894C}
		{724BF787-E7A8-4BCD-966C-DECE4E93705A} = {A79669CD-2490-4E09-AE24-96B7EDFF107F}
	EndGlobalSection
	GlobalSection(ProjectConfigurationPlatforms) = postSolution
		{9CAA28E0-BFEB-4C18-85FD-ED3D9F430D2D}.Debug|Any CPU.ActiveCfg = Debug|Any CPU
		{9CAA28E0-BFEB-4C18-85FD-ED3D9F430D2D}.Debug|Any CPU.Build.0 = Debug|Any CPU
		{9CAA28E0-BFEB-4C18-85FD-ED3D9F430D2D}.Release|Any CPU.ActiveCfg = Release|Any CPU
		{9CAA28E0-BFEB-4C18-85FD-ED3D9F430D2D}.Release|Any CPU.Build.0 = Release|Any CPU
		{9119D533-06F6-42D2-999E-ED52B8932608}.Debug|Any CPU.ActiveCfg = Debug|Any CPU
		{9119D533-06F6-42D2-999E-ED52B8932608}.Debug|Any CPU.Build.0 = Debug|Any CPU
		{9119D533-06F6-42D2-999E-ED52B8932608}.Release|Any CPU.ActiveCfg = Release|Any CPU
		{9119D533-06F6-42D2-999E-ED52B8932608}.Release|Any CPU.Build.0 = Release|Any CPU
		{F34DB66F-90D2-4196-9CDC-4480BA8918EC}.Debug|Any CPU.ActiveCfg = Debug|Any CPU
		{F34DB66F-90D2-4196-9CDC-4480BA8918EC}.Debug|Any CPU.Build.0 = Debug|Any CPU
		{F34DB66F-90D2-4196-9CDC-4480BA8918EC}.Release|Any CPU.ActiveCfg = Release|Any CPU
		{F34DB66F-90D2-4196-9CDC-4480BA8918EC}.Release|Any CPU.Build.0 = Release|Any CPU
		{60CB1514-982D-40E0-B38B-CCB175DE3DC6}.Debug|Any CPU.ActiveCfg = Debug|Any CPU
		{60CB1514-982D-40E0-B38B-CCB175DE3DC6}.Debug|Any CPU.Build.0 = Debug|Any CPU
		{60CB1514-982D-40E0-B38B-CCB175DE3DC6}.Release|Any CPU.ActiveCfg = Release|Any CPU
		{60CB1514-982D-40E0-B38B-CCB175DE3DC6}.Release|Any CPU.Build.0 = Release|Any CPU
		{FD1A2EA4-C524-4652-84EB-36B3BAB834B3}.Debug|Any CPU.ActiveCfg = Debug|Any CPU
		{FD1A2EA4-C524-4652-84EB-36B3BAB834B3}.Debug|Any CPU.Build.0 = Debug|Any CPU
		{FD1A2EA4-C524-4652-84EB-36B3BAB834B3}.Release|Any CPU.ActiveCfg = Release|Any CPU
		{FD1A2EA4-C524-4652-84EB-36B3BAB834B3}.Release|Any CPU.Build.0 = Release|Any CPU
		{35C122C7-D86D-414E-B2DE-DB65FF376FE0}.Debug|Any CPU.ActiveCfg = Debug|Any CPU
		{35C122C7-D86D-414E-B2DE-DB65FF376FE0}.Debug|Any CPU.Build.0 = Debug|Any CPU
		{35C122C7-D86D-414E-B2DE-DB65FF376FE0}.Release|Any CPU.ActiveCfg = Release|Any CPU
		{35C122C7-D86D-414E-B2DE-DB65FF376FE0}.Release|Any CPU.Build.0 = Release|Any CPU
		{C6D98229-CE89-40F4-901C-C5983F55D2F1}.Debug|Any CPU.ActiveCfg = Debug|Any CPU
		{C6D98229-CE89-40F4-901C-C5983F55D2F1}.Debug|Any CPU.Build.0 = Debug|Any CPU
		{C6D98229-CE89-40F4-901C-C5983F55D2F1}.Release|Any CPU.ActiveCfg = Release|Any CPU
		{C6D98229-CE89-40F4-901C-C5983F55D2F1}.Release|Any CPU.Build.0 = Release|Any CPU
		{916CA670-DC2D-44F2-92B7-27226C511401}.Debug|Any CPU.ActiveCfg = Debug|Any CPU
		{916CA670-DC2D-44F2-92B7-27226C511401}.Debug|Any CPU.Build.0 = Debug|Any CPU
		{916CA670-DC2D-44F2-92B7-27226C511401}.Release|Any CPU.ActiveCfg = Release|Any CPU
		{916CA670-DC2D-44F2-92B7-27226C511401}.Release|Any CPU.Build.0 = Release|Any CPU
		{74A0476F-2EA9-45F3-950F-5D4AB75F09F9}.Debug|Any CPU.ActiveCfg = Debug|Any CPU
		{74A0476F-2EA9-45F3-950F-5D4AB75F09F9}.Debug|Any CPU.Build.0 = Debug|Any CPU
		{74A0476F-2EA9-45F3-950F-5D4AB75F09F9}.Release|Any CPU.ActiveCfg = Release|Any CPU
		{74A0476F-2EA9-45F3-950F-5D4AB75F09F9}.Release|Any CPU.Build.0 = Release|Any CPU
		{724BF787-E7A8-4BCD-966C-DECE4E93705A}.Debug|Any CPU.ActiveCfg = Debug|Any CPU
		{724BF787-E7A8-4BCD-966C-DECE4E93705A}.Debug|Any CPU.Build.0 = Debug|Any CPU
		{724BF787-E7A8-4BCD-966C-DECE4E93705A}.Release|Any CPU.ActiveCfg = Release|Any CPU
		{724BF787-E7A8-4BCD-966C-DECE4E93705A}.Release|Any CPU.Build.0 = Release|Any CPU
	EndGlobalSection
EndGlobal
